
Microsoft Visual Studio Solution File, Format Version 12.00
# Visual Studio 15
VisualStudioVersion = 15.0.28307.572
MinimumVisualStudioVersion = 10.0.40219.1
Project("{2150E333-8FDC-42A3-9474-1A3956D46DE8}") = "chapter-1", "chapter-1", "{9542CD5B-A95D-480B-8895-38424573589D}"
EndProject
Project("{2150E333-8FDC-42A3-9474-1A3956D46DE8}") = "chapter-2", "chapter-2", "{64B48805-8BD6-42F2-9F0B-689223A8F004}"
EndProject
Project("{2150E333-8FDC-42A3-9474-1A3956D46DE8}") = "chapter-3", "chapter-3", "{53C6FA98-2480-46CC-8082-411978BB27AB}"
EndProject
Project("{2150E333-8FDC-42A3-9474-1A3956D46DE8}") = "chapter-4", "chapter-4", "{E23E37C4-F40F-4080-ACE5-D9FD4292BCE5}"
EndProject
Project("{2150E333-8FDC-42A3-9474-1A3956D46DE8}") = "chapter-5", "chapter-5", "{66A066EE-E8F4-4E97-86C8-57406BE740EA}"
EndProject
Project("{2150E333-8FDC-42A3-9474-1A3956D46DE8}") = "chapter-6", "chapter-6", "{F3747F5A-D216-4028-89FA-439877FE99B6}"
EndProject
Project("{2150E333-8FDC-42A3-9474-1A3956D46DE8}") = "chapter-7", "chapter-7", "{E9C8F60A-FF65-45AB-8E10-FEAEE690DB13}"
EndProject
Project("{2150E333-8FDC-42A3-9474-1A3956D46DE8}") = "chapter-8", "chapter-8", "{5153BFD8-BFBA-4F58-9989-A32306D0C743}"
EndProject
Project("{9A19103F-16F7-4668-BE54-9A1E7A4F7556}") = "SmartSqlSampleChapterOne", "chapter-1\source\SmartSqlSampleChapterOne\SmartSqlSampleChapterOne.csproj", "{394DAA36-47E1-408B-A332-DF6CF8618FFA}"
EndProject
Project("{FAE04EC0-301F-11D3-BF4B-00C04F79EFBC}") = "SmartSqlSampleChapterTwo.Api", "chapter-2\SmartSqlSampleChapterTwo.Api\SmartSqlSampleChapterTwo.Api.csproj", "{F9F5DFC0-0BD0-4793-AD97-288219D54D96}"
EndProject
Project("{FAE04EC0-301F-11D3-BF4B-00C04F79EFBC}") = "SmartSqlSampleChapterTwo.Entity", "chapter-2\SmartSqlSampleChapterTwo.Entity\SmartSqlSampleChapterTwo.Entity.csproj", "{A9619D2E-961B-460B-8064-DB21CA44B4F9}"
EndProject
Project("{FAE04EC0-301F-11D3-BF4B-00C04F79EFBC}") = "SmartSqlSampleChapterTwo.Repository", "chapter-2\SmartSqlSampleChapterTwo.Repository\SmartSqlSampleChapterTwo.Repository.csproj", "{727D3FCF-26F5-4FB8-9218-A388D4D440FD}"
EndProject
Project("{FAE04EC0-301F-11D3-BF4B-00C04F79EFBC}") = "SmartSqlSampleChapterThree.Api", "chapter-3\SmartSqlSampleChapterThree.Api\SmartSqlSampleChapterThree.Api.csproj", "{AA93104D-CA0D-49E1-83B0-06CE0E81D848}"
EndProject
Project("{FAE04EC0-301F-11D3-BF4B-00C04F79EFBC}") = "SmartSqlSampleChapterThree.Api.UseAOP", "chapter-3\SmartSqlSampleChapterThree.Api.UseAOP\SmartSqlSampleChapterThree.Api.UseAOP.csproj", "{443D38B1-57B9-4AC9-A17A-5BEE97BCEB74}"
EndProject
Project("{FAE04EC0-301F-11D3-BF4B-00C04F79EFBC}") = "SmartSqlSampleChapterThree.Api.UseAOPWithAutofac", "chapter-3\SmartSqlSampleChapterThree.Api.UseAOPWithAutofac\SmartSqlSampleChapterThree.Api.UseAOPWithAutofac.csproj", "{5039ACCE-0DB8-4B8A-B38F-0542B6766428}"
EndProject
Project("{FAE04EC0-301F-11D3-BF4B-00C04F79EFBC}") = "SmartSqlSampleChapterThree.Entity", "chapter-3\SmartSqlSampleChapterThree.Entity\SmartSqlSampleChapterThree.Entity.csproj", "{8DEF6264-B074-4055-8847-8B5A85E9FF57}"
EndProject
Project("{FAE04EC0-301F-11D3-BF4B-00C04F79EFBC}") = "SmartSqlSampleChapterThree.Repository", "chapter-3\SmartSqlSampleChapterThree.Repository\SmartSqlSampleChapterThree.Repository.csproj", "{F5F60FCE-2D8C-402C-A55E-4C0345C2E7C7}"
EndProject
Project("{FAE04EC0-301F-11D3-BF4B-00C04F79EFBC}") = "SmartSqlSampleChapterThree.DomainService", "chapter-3\SmartSqlSampleChapterThree.DomainService\SmartSqlSampleChapterThree.DomainService.csproj", "{1372288A-24AC-4287-9727-8BAA4B7EB00E}"
EndProject
Project("{2150E333-8FDC-42A3-9474-1A3956D46DE8}") = "Api", "Api", "{042A292B-D0DC-4437-81B4-E0D783C5A61F}"
EndProject
Project("{2150E333-8FDC-42A3-9474-1A3956D46DE8}") = "Data Access", "Data Access", "{30AD4F38-D05E-4E7D-96F6-C758929C4BC9}"
EndProject
Project("{2150E333-8FDC-42A3-9474-1A3956D46DE8}") = "Api", "Api", "{DC70C252-0916-4BEE-83AD-27A826B21DD2}"
EndProject
Project("{2150E333-8FDC-42A3-9474-1A3956D46DE8}") = "DataAccess", "DataAccess", "{F64D6FF9-03C9-4632-91BD-46CFD00289E9}"
EndProject
Project("{FAE04EC0-301F-11D3-BF4B-00C04F79EFBC}") = "SmartSqlSampleChapterFour", "chapter-4\SmartSqlSampleChapterFour\SmartSqlSampleChapterFour.csproj", "{6F2DAACC-F95A-42D6-AFC0-4A60DC5C1004}"
EndProject
Project("{FAE04EC0-301F-11D3-BF4B-00C04F79EFBC}") = "SmartSqlSampleChapterFour.CommonRepository", "chapter-4\SmartSqlSampleChapterFour.CommonRepository\SmartSqlSampleChapterFour.CommonRepository.csproj", "{E2CF23F3-5D2E-4D8E-B5F7-28A5EEE82414}"
EndProject
Project("{FAE04EC0-301F-11D3-BF4B-00C04F79EFBC}") = "SmartSqlSampleChapterFour.ProductRepository", "chapter-4\SmartSqlSampleChapterFour.ProductRepository\SmartSqlSampleChapterFour.ProductRepository.csproj", "{5C474EFA-2BA3-4083-B526-E22896C4B060}"
EndProject
Project("{FAE04EC0-301F-11D3-BF4B-00C04F79EFBC}") = "SmartSqlSampleChapterFour.Entity", "chapter-4\SmartSqlSampleChapterFour.Entity\SmartSqlSampleChapterFour.Entity.csproj", "{F3E8887F-BAC8-4F4B-A340-5B7ABCE4E46C}"
EndProject
Global
	GlobalSection(SolutionConfigurationPlatforms) = preSolution
		Debug|Any CPU = Debug|Any CPU
		Release|Any CPU = Release|Any CPU
	EndGlobalSection
	GlobalSection(ProjectConfigurationPlatforms) = postSolution
		{394DAA36-47E1-408B-A332-DF6CF8618FFA}.Debug|Any CPU.ActiveCfg = Debug|Any CPU
		{394DAA36-47E1-408B-A332-DF6CF8618FFA}.Debug|Any CPU.Build.0 = Debug|Any CPU
		{394DAA36-47E1-408B-A332-DF6CF8618FFA}.Release|Any CPU.ActiveCfg = Release|Any CPU
		{394DAA36-47E1-408B-A332-DF6CF8618FFA}.Release|Any CPU.Build.0 = Release|Any CPU
		{F9F5DFC0-0BD0-4793-AD97-288219D54D96}.Debug|Any CPU.ActiveCfg = Debug|Any CPU
		{F9F5DFC0-0BD0-4793-AD97-288219D54D96}.Debug|Any CPU.Build.0 = Debug|Any CPU
		{F9F5DFC0-0BD0-4793-AD97-288219D54D96}.Release|Any CPU.ActiveCfg = Release|Any CPU
		{F9F5DFC0-0BD0-4793-AD97-288219D54D96}.Release|Any CPU.Build.0 = Release|Any CPU
		{A9619D2E-961B-460B-8064-DB21CA44B4F9}.Debug|Any CPU.ActiveCfg = Debug|Any CPU
		{A9619D2E-961B-460B-8064-DB21CA44B4F9}.Debug|Any CPU.Build.0 = Debug|Any CPU
		{A9619D2E-961B-460B-8064-DB21CA44B4F9}.Release|Any CPU.ActiveCfg = Release|Any CPU
		{A9619D2E-961B-460B-8064-DB21CA44B4F9}.Release|Any CPU.Build.0 = Release|Any CPU
		{727D3FCF-26F5-4FB8-9218-A388D4D440FD}.Debug|Any CPU.ActiveCfg = Debug|Any CPU
		{727D3FCF-26F5-4FB8-9218-A388D4D440FD}.Debug|Any CPU.Build.0 = Debug|Any CPU
		{727D3FCF-26F5-4FB8-9218-A388D4D440FD}.Release|Any CPU.ActiveCfg = Release|Any CPU
		{727D3FCF-26F5-4FB8-9218-A388D4D440FD}.Release|Any CPU.Build.0 = Release|Any CPU
		{AA93104D-CA0D-49E1-83B0-06CE0E81D848}.Debug|Any CPU.ActiveCfg = Debug|Any CPU
		{AA93104D-CA0D-49E1-83B0-06CE0E81D848}.Debug|Any CPU.Build.0 = Debug|Any CPU
		{AA93104D-CA0D-49E1-83B0-06CE0E81D848}.Release|Any CPU.ActiveCfg = Release|Any CPU
		{AA93104D-CA0D-49E1-83B0-06CE0E81D848}.Release|Any CPU.Build.0 = Release|Any CPU
		{443D38B1-57B9-4AC9-A17A-5BEE97BCEB74}.Debug|Any CPU.ActiveCfg = Debug|Any CPU
		{443D38B1-57B9-4AC9-A17A-5BEE97BCEB74}.Debug|Any CPU.Build.0 = Debug|Any CPU
		{443D38B1-57B9-4AC9-A17A-5BEE97BCEB74}.Release|Any CPU.ActiveCfg = Release|Any CPU
		{443D38B1-57B9-4AC9-A17A-5BEE97BCEB74}.Release|Any CPU.Build.0 = Release|Any CPU
		{5039ACCE-0DB8-4B8A-B38F-0542B6766428}.Debug|Any CPU.ActiveCfg = Debug|Any CPU
		{5039ACCE-0DB8-4B8A-B38F-0542B6766428}.Debug|Any CPU.Build.0 = Debug|Any CPU
		{5039ACCE-0DB8-4B8A-B38F-0542B6766428}.Release|Any CPU.ActiveCfg = Release|Any CPU
		{5039ACCE-0DB8-4B8A-B38F-0542B6766428}.Release|Any CPU.Build.0 = Release|Any CPU
		{8DEF6264-B074-4055-8847-8B5A85E9FF57}.Debug|Any CPU.ActiveCfg = Debug|Any CPU
		{8DEF6264-B074-4055-8847-8B5A85E9FF57}.Debug|Any CPU.Build.0 = Debug|Any CPU
		{8DEF6264-B074-4055-8847-8B5A85E9FF57}.Release|Any CPU.ActiveCfg = Release|Any CPU
		{8DEF6264-B074-4055-8847-8B5A85E9FF57}.Release|Any CPU.Build.0 = Release|Any CPU
		{F5F60FCE-2D8C-402C-A55E-4C0345C2E7C7}.Debug|Any CPU.ActiveCfg = Debug|Any CPU
		{F5F60FCE-2D8C-402C-A55E-4C0345C2E7C7}.Debug|Any CPU.Build.0 = Debug|Any CPU
		{F5F60FCE-2D8C-402C-A55E-4C0345C2E7C7}.Release|Any CPU.ActiveCfg = Release|Any CPU
		{F5F60FCE-2D8C-402C-A55E-4C0345C2E7C7}.Release|Any CPU.Build.0 = Release|Any CPU
		{1372288A-24AC-4287-9727-8BAA4B7EB00E}.Debug|Any CPU.ActiveCfg = Debug|Any CPU
		{1372288A-24AC-4287-9727-8BAA4B7EB00E}.Debug|Any CPU.Build.0 = Debug|Any CPU
		{1372288A-24AC-4287-9727-8BAA4B7EB00E}.Release|Any CPU.ActiveCfg = Release|Any CPU
		{1372288A-24AC-4287-9727-8BAA4B7EB00E}.Release|Any CPU.Build.0 = Release|Any CPU
		{6F2DAACC-F95A-42D6-AFC0-4A60DC5C1004}.Debug|Any CPU.ActiveCfg = Debug|Any CPU
		{6F2DAACC-F95A-42D6-AFC0-4A60DC5C1004}.Debug|Any CPU.Build.0 = Debug|Any CPU
		{6F2DAACC-F95A-42D6-AFC0-4A60DC5C1004}.Release|Any CPU.ActiveCfg = Release|Any CPU
		{6F2DAACC-F95A-42D6-AFC0-4A60DC5C1004}.Release|Any CPU.Build.0 = Release|Any CPU
		{E2CF23F3-5D2E-4D8E-B5F7-28A5EEE82414}.Debug|Any CPU.ActiveCfg = Debug|Any CPU
		{E2CF23F3-5D2E-4D8E-B5F7-28A5EEE82414}.Debug|Any CPU.Build.0 = Debug|Any CPU
		{E2CF23F3-5D2E-4D8E-B5F7-28A5EEE82414}.Release|Any CPU.ActiveCfg = Release|Any CPU
		{E2CF23F3-5D2E-4D8E-B5F7-28A5EEE82414}.Release|Any CPU.Build.0 = Release|Any CPU
		{5C474EFA-2BA3-4083-B526-E22896C4B060}.Debug|Any CPU.ActiveCfg = Debug|Any CPU
		{5C474EFA-2BA3-4083-B526-E22896C4B060}.Debug|Any CPU.Build.0 = Debug|Any CPU
		{5C474EFA-2BA3-4083-B526-E22896C4B060}.Release|Any CPU.ActiveCfg = Release|Any CPU
		{5C474EFA-2BA3-4083-B526-E22896C4B060}.Release|Any CPU.Build.0 = Release|Any CPU
		{F3E8887F-BAC8-4F4B-A340-5B7ABCE4E46C}.Debug|Any CPU.ActiveCfg = Debug|Any CPU
		{F3E8887F-BAC8-4F4B-A340-5B7ABCE4E46C}.Debug|Any CPU.Build.0 = Debug|Any CPU
		{F3E8887F-BAC8-4F4B-A340-5B7ABCE4E46C}.Release|Any CPU.ActiveCfg = Release|Any CPU
		{F3E8887F-BAC8-4F4B-A340-5B7ABCE4E46C}.Release|Any CPU.Build.0 = Release|Any CPU
	EndGlobalSection
	GlobalSection(SolutionProperties) = preSolution
		HideSolutionNode = FALSE
	EndGlobalSection
	GlobalSection(NestedProjects) = preSolution
		{394DAA36-47E1-408B-A332-DF6CF8618FFA} = {9542CD5B-A95D-480B-8895-38424573589D}
		{F9F5DFC0-0BD0-4793-AD97-288219D54D96} = {64B48805-8BD6-42F2-9F0B-689223A8F004}
		{A9619D2E-961B-460B-8064-DB21CA44B4F9} = {64B48805-8BD6-42F2-9F0B-689223A8F004}
		{727D3FCF-26F5-4FB8-9218-A388D4D440FD} = {64B48805-8BD6-42F2-9F0B-689223A8F004}
		{1372288A-24AC-4287-9727-8BAA4B7EB00E} = {53C6FA98-2480-46CC-8082-411978BB27AB}
		{042A292B-D0DC-4437-81B4-E0D783C5A61F} = {53C6FA98-2480-46CC-8082-411978BB27AB}
		{AA93104D-CA0D-49E1-83B0-06CE0E81D848} = {042A292B-D0DC-4437-81B4-E0D783C5A61F}
		{443D38B1-57B9-4AC9-A17A-5BEE97BCEB74} = {042A292B-D0DC-4437-81B4-E0D783C5A61F}
		{5039ACCE-0DB8-4B8A-B38F-0542B6766428} = {042A292B-D0DC-4437-81B4-E0D783C5A61F}
		{30AD4F38-D05E-4E7D-96F6-C758929C4BC9} = {53C6FA98-2480-46CC-8082-411978BB27AB}
		{8DEF6264-B074-4055-8847-8B5A85E9FF57} = {30AD4F38-D05E-4E7D-96F6-C758929C4BC9}
		{F5F60FCE-2D8C-402C-A55E-4C0345C2E7C7} = {30AD4F38-D05E-4E7D-96F6-C758929C4BC9}
		{DC70C252-0916-4BEE-83AD-27A826B21DD2} = {E23E37C4-F40F-4080-ACE5-D9FD4292BCE5}
		{F64D6FF9-03C9-4632-91BD-46CFD00289E9} = {E23E37C4-F40F-4080-ACE5-D9FD4292BCE5}
		{6F2DAACC-F95A-42D6-AFC0-4A60DC5C1004} = {DC70C252-0916-4BEE-83AD-27A826B21DD2}
		{E2CF23F3-5D2E-4D8E-B5F7-28A5EEE82414} = {F64D6FF9-03C9-4632-91BD-46CFD00289E9}
		{5C474EFA-2BA3-4083-B526-E22896C4B060} = {F64D6FF9-03C9-4632-91BD-46CFD00289E9}
		{F3E8887F-BAC8-4F4B-A340-5B7ABCE4E46C} = {F64D6FF9-03C9-4632-91BD-46CFD00289E9}
	EndGlobalSection
	GlobalSection(ExtensibilityGlobals) = postSolution
		SolutionGuid = {68EC28E1-6CEA-4398-BA10-5AA723E1C6A9}
	EndGlobalSection
EndGlobal
